// !$*UTF8*$!
{
	archiveVersion = 1;
	classes = {
	};
	objectVersion = 50;
	objects = {

/* Begin PBXBuildFile section */
		D13CBCC7259A6F3800808FD2 /* NedApp.swift in Sources */ = {isa = PBXBuildFile; fileRef = D13CBCB4259A6F3600808FD2 /* NedApp.swift */; };
		D13CBCC8259A6F3800808FD2 /* NedApp.swift in Sources */ = {isa = PBXBuildFile; fileRef = D13CBCB4259A6F3600808FD2 /* NedApp.swift */; };
		D13CBCC9259A6F3800808FD2 /* ContentView.swift in Sources */ = {isa = PBXBuildFile; fileRef = D13CBCB5259A6F3600808FD2 /* ContentView.swift */; };
		D13CBCCA259A6F3800808FD2 /* ContentView.swift in Sources */ = {isa = PBXBuildFile; fileRef = D13CBCB5259A6F3600808FD2 /* ContentView.swift */; };
		D13CBCCB259A6F3800808FD2 /* Assets.xcassets in Resources */ = {isa = PBXBuildFile; fileRef = D13CBCB6259A6F3800808FD2 /* Assets.xcassets */; };
		D13CBCCC259A6F3800808FD2 /* Assets.xcassets in Resources */ = {isa = PBXBuildFile; fileRef = D13CBCB6259A6F3800808FD2 /* Assets.xcassets */; };
/* End PBXBuildFile section */

/* Begin PBXFileReference section */
		D13CBCB4259A6F3600808FD2 /* NedApp.swift */ = {isa = PBXFileReference; lastKnownFileType = sourcecode.swift; path = NedApp.swift; sourceTree = "<group>"; };
		D13CBCB5259A6F3600808FD2 /* ContentView.swift */ = {isa = PBXFileReference; lastKnownFileType = sourcecode.swift; path = ContentView.swift; sourceTree = "<group>"; };
		D13CBCB6259A6F3800808FD2 /* Assets.xcassets */ = {isa = PBXFileReference; lastKnownFileType = folder.assetcatalog; path = Assets.xcassets; sourceTree = "<group>"; };
		D13CBCBB259A6F3800808FD2 /* Ned.app */ = {isa = PBXFileReference; explicitFileType = wrapper.application; includeInIndex = 0; path = Ned.app; sourceTree = BUILT_PRODUCTS_DIR; };
		D13CBCBE259A6F3800808FD2 /* Info.plist */ = {isa = PBXFileReference; lastKnownFileType = text.plist.xml; path = Info.plist; sourceTree = "<group>"; };
		D13CBCC3259A6F3800808FD2 /* Ned.app */ = {isa = PBXFileReference; explicitFileType = wrapper.application; includeInIndex = 0; path = Ned.app; sourceTree = BUILT_PRODUCTS_DIR; };
		D13CBCC5259A6F3800808FD2 /* Info.plist */ = {isa = PBXFileReference; lastKnownFileType = text.plist.xml; path = Info.plist; sourceTree = "<group>"; };
		D13CBCC6259A6F3800808FD2 /* macOS.entitlements */ = {isa = PBXFileReference; lastKnownFileType = text.plist.entitlements; path = macOS.entitlements; sourceTree = "<group>"; };
/* End PBXFileReference section */

/* Begin PBXFrameworksBuildPhase section */
		D13CBCB8259A6F3800808FD2 /* Frameworks */ = {
			isa = PBXFrameworksBuildPhase;
			buildActionMask = 2147483647;
			files = (
			);
			runOnlyForDeploymentPostprocessing = 0;
		};
		D13CBCC0259A6F3800808FD2 /* Frameworks */ = {
			isa = PBXFrameworksBuildPhase;
			buildActionMask = 2147483647;
			files = (
			);
			runOnlyForDeploymentPostprocessing = 0;
		};
/* End PBXFrameworksBuildPhase section */

/* Begin PBXGroup section */
		D13CBCAE259A6F3600808FD2 = {
			isa = PBXGroup;
			children = (
				D13CBCB3259A6F3600808FD2 /* Shared */,
				D13CBCBD259A6F3800808FD2 /* iOS */,
				D13CBCC4259A6F3800808FD2 /* macOS */,
				D13CBCBC259A6F3800808FD2 /* Products */,
			);
			sourceTree = "<group>";
		};
		D13CBCB3259A6F3600808FD2 /* Shared */ = {
			isa = PBXGroup;
			children = (
				D13CBCB4259A6F3600808FD2 /* NedApp.swift */,
				D13CBCB5259A6F3600808FD2 /* ContentView.swift */,
				D13CBCB6259A6F3800808FD2 /* Assets.xcassets */,
			);
			path = Shared;
			sourceTree = "<group>";
		};
		D13CBCBC259A6F3800808FD2 /* Products */ = {
			isa = PBXGroup;
			children = (
				D13CBCBB259A6F3800808FD2 /* Ned.app */,
				D13CBCC3259A6F3800808FD2 /* Ned.app */,
			);
			name = Products;
			sourceTree = "<group>";
		};
		D13CBCBD259A6F3800808FD2 /* iOS */ = {
			isa = PBXGroup;
			children = (
				D13CBCBE259A6F3800808FD2 /* Info.plist */,
			);
			path = iOS;
			sourceTree = "<group>";
		};
		D13CBCC4259A6F3800808FD2 /* macOS */ = {
			isa = PBXGroup;
			children = (
				D13CBCC5259A6F3800808FD2 /* Info.plist */,
				D13CBCC6259A6F3800808FD2 /* macOS.entitlements */,
			);
			path = macOS;
			sourceTree = "<group>";
		};
/* End PBXGroup section */

/* Begin PBXNativeTarget section */
		D13CBCBA259A6F3800808FD2 /* Ned (iOS) */ = {
			isa = PBXNativeTarget;
			buildConfigurationList = D13CBCCF259A6F3800808FD2 /* Build configuration list for PBXNativeTarget "Ned (iOS)" */;
			buildPhases = (
				D13CBCB7259A6F3800808FD2 /* Sources */,
				D13CBCB8259A6F3800808FD2 /* Frameworks */,
				D13CBCB9259A6F3800808FD2 /* Resources */,
			);
			buildRules = (
			);
			dependencies = (
			);
			name = "Ned (iOS)";
			productName = "Ned (iOS)";
			productReference = D13CBCBB259A6F3800808FD2 /* Ned.app */;
			productType = "com.apple.product-type.application";
		};
		D13CBCC2259A6F3800808FD2 /* Ned (macOS) */ = {
			isa = PBXNativeTarget;
			buildConfigurationList = D13CBCD2259A6F3800808FD2 /* Build configuration list for PBXNativeTarget "Ned (macOS)" */;
			buildPhases = (
				D13CBCBF259A6F3800808FD2 /* Sources */,
				D13CBCC0259A6F3800808FD2 /* Frameworks */,
				D13CBCC1259A6F3800808FD2 /* Resources */,
			);
			buildRules = (
			);
			dependencies = (
			);
			name = "Ned (macOS)";
			productName = "Ned (macOS)";
			productReference = D13CBCC3259A6F3800808FD2 /* Ned.app */;
			productType = "com.apple.product-type.application";
		};
/* End PBXNativeTarget section */

/* Begin PBXProject section */
		D13CBCAF259A6F3600808FD2 /* Project object */ = {
			isa = PBXProject;
			attributes = {
				LastSwiftUpdateCheck = 1230;
				LastUpgradeCheck = 1230;
				TargetAttributes = {
					D13CBCBA259A6F3800808FD2 = {
						CreatedOnToolsVersion = 12.3;
					};
					D13CBCC2259A6F3800808FD2 = {
						CreatedOnToolsVersion = 12.3;
					};
				};
			};
			buildConfigurationList = D13CBCB2259A6F3600808FD2 /* Build configuration list for PBXProject "Ned" */;
			compatibilityVersion = "Xcode 9.3";
			developmentRegion = en;
			hasScannedForEncodings = 0;
			knownRegions = (
				en,
				Base,
			);
			mainGroup = D13CBCAE259A6F3600808FD2;
			productRefGroup = D13CBCBC259A6F3800808FD2 /* Products */;
			projectDirPath = "";
			projectRoot = "";
			targets = (
				D13CBCBA259A6F3800808FD2 /* Ned (iOS) */,
				D13CBCC2259A6F3800808FD2 /* Ned (macOS) */,
			);
		};
/* End PBXProject section */

/* Begin PBXResourcesBuildPhase section */
		D13CBCB9259A6F3800808FD2 /* Resources */ = {
			isa = PBXResourcesBuildPhase;
			buildActionMask = 2147483647;
			files = (
				D13CBCCB259A6F3800808FD2 /* Assets.xcassets in Resources */,
			);
			runOnlyForDeploymentPostprocessing = 0;
		};
		D13CBCC1259A6F3800808FD2 /* Resources */ = {
			isa = PBXResourcesBuildPhase;
			buildActionMask = 2147483647;
			files = (
				D13CBCCC259A6F3800808FD2 /* Assets.xcassets in Resources */,
			);
			runOnlyForDeploymentPostprocessing = 0;
		};
/* End PBXResourcesBuildPhase section */

/* Begin PBXSourcesBuildPhase section */
		D13CBCB7259A6F3800808FD2 /* Sources */ = {
			isa = PBXSourcesBuildPhase;
			buildActionMask = 2147483647;
			files = (
				D13CBCC9259A6F3800808FD2 /* ContentView.swift in Sources */,
				D13CBCC7259A6F3800808FD2 /* NedApp.swift in Sources */,
			);
			runOnlyForDeploymentPostprocessing = 0;
		};
		D13CBCBF259A6F3800808FD2 /* Sources */ = {
			isa = PBXSourcesBuildPhase;
			buildActionMask = 2147483647;
			files = (
				D13CBCCA259A6F3800808FD2 /* ContentView.swift in Sources */,
				D13CBCC8259A6F3800808FD2 /* NedApp.swift in Sources */,
			);
			runOnlyForDeploymentPostprocessing = 0;
		};
/* End PBXSourcesBuildPhase section */

/* Begin XCBuildConfiguration section */
		D13CBCCD259A6F3800808FD2 /* Debug */ = {
			isa = XCBuildConfiguration;
			buildSettings = {
				ALWAYS_SEARCH_USER_PATHS = NO;
				CLANG_ANALYZER_NONNULL = YES;
				CLANG_ANALYZER_NUMBER_OBJECT_CONVERSION = YES_AGGRESSIVE;
				CLANG_CXX_LANGUAGE_STANDARD = "gnu++14";
				CLANG_CXX_LIBRARY = "libc++";
				CLANG_ENABLE_MODULES = YES;
				CLANG_ENABLE_OBJC_ARC = YES;
				CLANG_ENABLE_OBJC_WEAK = YES;
				CLANG_WARN_BLOCK_CAPTURE_AUTORELEASING = YES;
				CLANG_WARN_BOOL_CONVERSION = YES;
				CLANG_WARN_COMMA = YES;
				CLANG_WARN_CONSTANT_CONVERSION = YES;
				CLANG_WARN_DEPRECATED_OBJC_IMPLEMENTATIONS = YES;
				CLANG_WARN_DIRECT_OBJC_ISA_USAGE = YES_ERROR;
				CLANG_WARN_DOCUMENTATION_COMMENTS = YES;
				CLANG_WARN_EMPTY_BODY = YES;
				CLANG_WARN_ENUM_CONVERSION = YES;
				CLANG_WARN_INFINITE_RECURSION = YES;
				CLANG_WARN_INT_CONVERSION = YES;
				CLANG_WARN_NON_LITERAL_NULL_CONVERSION = YES;
				CLANG_WARN_OBJC_IMPLICIT_RETAIN_SELF = YES;
				CLANG_WARN_OBJC_LITERAL_CONVERSION = YES;
				CLANG_WARN_OBJC_ROOT_CLASS = YES_ERROR;
				CLANG_WARN_QUOTED_INCLUDE_IN_FRAMEWORK_HEADER = YES;
				CLANG_WARN_RANGE_LOOP_ANALYSIS = YES;
				CLANG_WARN_STRICT_PROTOTYPES = YES;
				CLANG_WARN_SUSPICIOUS_MOVE = YES;
				CLANG_WARN_UNGUARDED_AVAILABILITY = YES_AGGRESSIVE;
				CLANG_WARN_UNREACHABLE_CODE = YES;
				CLANG_WARN__DUPLICATE_METHOD_MATCH = YES;
				COPY_PHASE_STRIP = NO;
				DEBUG_INFORMATION_FORMAT = dwarf;
				ENABLE_STRICT_OBJC_MSGSEND = YES;
				ENABLE_TESTABILITY = YES;
				GCC_C_LANGUAGE_STANDARD = gnu11;
				GCC_DYNAMIC_NO_PIC = NO;
				GCC_NO_COMMON_BLOCKS = YES;
				GCC_OPTIMIZATION_LEVEL = 0;
				GCC_PREPROCESSOR_DEFINITIONS = (
					"DEBUG=1",
					"$(inherited)",
				);
				GCC_WARN_64_TO_32_BIT_CONVERSION = YES;
				GCC_WARN_ABOUT_RETURN_TYPE = YES_ERROR;
				GCC_WARN_UNDECLARED_SELECTOR = YES;
				GCC_WARN_UNINITIALIZED_AUTOS = YES_AGGRESSIVE;
				GCC_WARN_UNUSED_FUNCTION = YES;
				GCC_WARN_UNUSED_VARIABLE = YES;
				MTL_ENABLE_DEBUG_INFO = INCLUDE_SOURCE;
				MTL_FAST_MATH = YES;
				ONLY_ACTIVE_ARCH = YES;
				SWIFT_ACTIVE_COMPILATION_CONDITIONS = DEBUG;
				SWIFT_OPTIMIZATION_LEVEL = "-Onone";
			};
			name = Debug;
		};
		D13CBCCE259A6F3800808FD2 /* Release */ = {
			isa = XCBuildConfiguration;
			buildSettings = {
				ALWAYS_SEARCH_USER_PATHS = NO;
				CLANG_ANALYZER_NONNULL = YES;
				CLANG_ANALYZER_NUMBER_OBJECT_CONVERSION = YES_AGGRESSIVE;
				CLANG_CXX_LANGUAGE_STANDARD = "gnu++14";
				CLANG_CXX_LIBRARY = "libc++";
				CLANG_ENABLE_MODULES = YES;
				CLANG_ENABLE_OBJC_ARC = YES;
				CLANG_ENABLE_OBJC_WEAK = YES;
				CLANG_WARN_BLOCK_CAPTURE_AUTORELEASING = YES;
				CLANG_WARN_BOOL_CONVERSION = YES;
				CLANG_WARN_COMMA = YES;
				CLANG_WARN_CONSTANT_CONVERSION = YES;
				CLANG_WARN_DEPRECATED_OBJC_IMPLEMENTATIONS = YES;
				CLANG_WARN_DIRECT_OBJC_ISA_USAGE = YES_ERROR;
				CLANG_WARN_DOCUMENTATION_COMMENTS = YES;
				CLANG_WARN_EMPTY_BODY = YES;
				CLANG_WARN_ENUM_CONVERSION = YES;
				CLANG_WARN_INFINITE_RECURSION = YES;
				CLANG_WARN_INT_CONVERSION = YES;
				CLANG_WARN_NON_LITERAL_NULL_CONVERSION = YES;
				CLANG_WARN_OBJC_IMPLICIT_RETAIN_SELF = YES;
				CLANG_WARN_OBJC_LITERAL_CONVERSION = YES;
				CLANG_WARN_OBJC_ROOT_CLASS = YES_ERROR;
				CLANG_WARN_QUOTED_INCLUDE_IN_FRAMEWORK_HEADER = YES;
				CLANG_WARN_RANGE_LOOP_ANALYSIS = YES;
				CLANG_WARN_STRICT_PROTOTYPES = YES;
				CLANG_WARN_SUSPICIOUS_MOVE = YES;
				CLANG_WARN_UNGUARDED_AVAILABILITY = YES_AGGRESSIVE;
				CLANG_WARN_UNREACHABLE_CODE = YES;
				CLANG_WARN__DUPLICATE_METHOD_MATCH = YES;
				COPY_PHASE_STRIP = NO;
				DEBUG_INFORMATION_FORMAT = "dwarf-with-dsym";
				ENABLE_NS_ASSERTIONS = NO;
				ENABLE_STRICT_OBJC_MSGSEND = YES;
				GCC_C_LANGUAGE_STANDARD = gnu11;
				GCC_NO_COMMON_BLOCKS = YES;
				GCC_WARN_64_TO_32_BIT_CONVERSION = YES;
				GCC_WARN_ABOUT_RETURN_TYPE = YES_ERROR;
				GCC_WARN_UNDECLARED_SELECTOR = YES;
				GCC_WARN_UNINITIALIZED_AUTOS = YES_AGGRESSIVE;
				GCC_WARN_UNUSED_FUNCTION = YES;
				GCC_WARN_UNUSED_VARIABLE = YES;
				MTL_ENABLE_DEBUG_INFO = NO;
				MTL_FAST_MATH = YES;
				SWIFT_COMPILATION_MODE = wholemodule;
				SWIFT_OPTIMIZATION_LEVEL = "-O";
			};
			name = Release;
		};
		D13CBCD0259A6F3800808FD2 /* Debug */ = {
			isa = XCBuildConfiguration;
			buildSettings = {
				ASSETCATALOG_COMPILER_APPICON_NAME = AppIcon;
				ASSETCATALOG_COMPILER_GLOBAL_ACCENT_COLOR_NAME = AccentColor;
				CODE_SIGN_STYLE = Automatic;
				DEVELOPMENT_TEAM = H4Z9Z4RD2G;
				ENABLE_PREVIEWS = YES;
				INFOPLIST_FILE = iOS/Info.plist;
				IPHONEOS_DEPLOYMENT_TARGET = 14.0;
				LD_RUNPATH_SEARCH_PATHS = (
					"$(inherited)",
					"@executable_path/Frameworks",
				);
				PRODUCT_BUNDLE_IDENTIFIER = com.dsignal.Ned;
				PRODUCT_NAME = Ned;
				SDKROOT = iphoneos;
				SWIFT_VERSION = 5.0;
				TARGETED_DEVICE_FAMILY = "1,2";
			};
			name = Debug;
		};
		D13CBCD1259A6F3800808FD2 /* Release */ = {
			isa = XCBuildConfiguration;
			buildSettings = {
				ASSETCATALOG_COMPILER_APPICON_NAME = AppIcon;
				ASSETCATALOG_COMPILER_GLOBAL_ACCENT_COLOR_NAME = AccentColor;
				CODE_SIGN_STYLE = Automatic;
				DEVELOPMENT_TEAM = H4Z9Z4RD2G;
				ENABLE_PREVIEWS = YES;
				INFOPLIST_FILE = iOS/Info.plist;
				IPHONEOS_DEPLOYMENT_TARGET = 14.0;
				LD_RUNPATH_SEARCH_PATHS = (
					"$(inherited)",
					"@executable_path/Frameworks",
				);
				PRODUCT_BUNDLE_IDENTIFIER = com.dsignal.Ned;
				PRODUCT_NAME = Ned;
				SDKROOT = iphoneos;
				SWIFT_VERSION = 5.0;
				TARGETED_DEVICE_FAMILY = "1,2";
				VALIDATE_PRODUCT = YES;
			};
			name = Release;
		};
		D13CBCD3259A6F3800808FD2 /* Debug */ = {
			isa = XCBuildConfiguration;
			buildSettings = {
				ASSETCATALOG_COMPILER_APPICON_NAME = AppIcon;
				ASSETCATALOG_COMPILER_GLOBAL_ACCENT_COLOR_NAME = AccentColor;
				CODE_SIGN_ENTITLEMENTS = macOS/macOS.entitlements;
				CODE_SIGN_STYLE = Automatic;
				COMBINE_HIDPI_IMAGES = YES;
				DEVELOPMENT_TEAM = H4Z9Z4RD2G;
				ENABLE_HARDENED_RUNTIME = YES;
				ENABLE_PREVIEWS = YES;
				INFOPLIST_FILE = macOS/Info.plist;
				LD_RUNPATH_SEARCH_PATHS = (
					"$(inherited)",
					"@executable_path/../Frameworks",
				);
				MACOSX_DEPLOYMENT_TARGET = 11.0;
				PRODUCT_BUNDLE_IDENTIFIER = com.dsignal.Ned;
				PRODUCT_NAME = Ned;
				SDKROOT = macosx;
				SWIFT_VERSION = 5.0;
			};
			name = Debug;
		};
		D13CBCD4259A6F3800808FD2 /* Release */ = {
			isa = XCBuildConfiguration;
			buildSettings = {
				ASSETCATALOG_COMPILER_APPICON_NAME = AppIcon;
				ASSETCATALOG_COMPILER_GLOBAL_ACCENT_COLOR_NAME = AccentColor;
				CODE_SIGN_ENTITLEMENTS = macOS/macOS.entitlements;
				CODE_SIGN_STYLE = Automatic;
				COMBINE_HIDPI_IMAGES = YES;
				DEVELOPMENT_TEAM = H4Z9Z4RD2G;
				ENABLE_HARDENED_RUNTIME = YES;
				ENABLE_PREVIEWS = YES;
				INFOPLIST_FILE = macOS/Info.plist;
				LD_RUNPATH_SEARCH_PATHS = (
					"$(inherited)",
					"@executable_path/../Frameworks",
				);
				MACOSX_DEPLOYMENT_TARGET = 11.0;
				PRODUCT_BUNDLE_IDENTIFIER = com.dsignal.Ned;
				PRODUCT_NAME = Ned;
				SDKROOT = macosx;
				SWIFT_VERSION = 5.0;
			};
			name = Release;
		};
/* End XCBuildConfiguration section */

/* Begin XCConfigurationList section */
		D13CBCB2259A6F3600808FD2 /* Build configuration list for PBXProject "Ned" */ = {
			isa = XCConfigurationList;
			buildConfigurations = (
				D13CBCCD259A6F3800808FD2 /* Debug */,
				D13CBCCE259A6F3800808FD2 /* Release */,
			);
			defaultConfigurationIsVisible = 0;
			defaultConfigurationName = Release;
		};
		D13CBCCF259A6F3800808FD2 /* Build configuration list for PBXNativeTarget "Ned (iOS)" */ = {
			isa = XCConfigurationList;
			buildConfigurations = (
				D13CBCD0259A6F3800808FD2 /* Debug */,
				D13CBCD1259A6F3800808FD2 /* Release */,
			);
			defaultConfigurationIsVisible = 0;
			defaultConfigurationName = Release;
		};
		D13CBCD2259A6F3800808FD2 /* Build configuration list for PBXNativeTarget "Ned (macOS)" */ = {
			isa = XCConfigurationList;
			buildConfigurations = (
				D13CBCD3259A6F3800808FD2 /* Debug */,
				D13CBCD4259A6F3800808FD2 /* Release */,
			);
			defaultConfigurationIsVisible = 0;
			defaultConfigurationName = Release;
		};
/* End XCConfigurationList section */
	};
	rootObject = D13CBCAF259A6F3600808FD2 /* Project object */;
}
